
Microsoft Visual Studio Solution File, Format Version 12.00
# Visual Studio Version 17
VisualStudioVersion = 17.6.33829.357
MinimumVisualStudioVersion = 10.0.40219.1
Project("{9A19103F-16F7-4668-BE54-9A1E7A4F7556}") = "Organization.Product.Api", "Organization.Product.Api\Organization.Product.Api.csproj", "{0A8BC22A-4693-473C-94BA-DFC8C56D2A31}"
EndProject
Project("{9A19103F-16F7-4668-BE54-9A1E7A4F7556}") = "Organization.Product.Domain", "Organization.Product.Domain\Organization.Product.Domain.csproj", "{1828E545-12E8-4E7D-ABC4-4B778E14C9DE}"
EndProject
Project("{9A19103F-16F7-4668-BE54-9A1E7A4F7556}") = "Organization.Product.ApplicationServices", "Organization.Product.ApplicationServices\Organization.Product.ApplicationServices.csproj", "{1DB13C82-14E8-49F5-93FD-6FEDA06F8A86}"
EndProject
Project("{9A19103F-16F7-4668-BE54-9A1E7A4F7556}") = "Organization.Product.Gateway", "Organization.Product.Gateway\Organization.Product.Gateway.csproj", "{2CB12E2F-196D-4D59-999E-87154F164003}"
EndProject
Project("{FAE04EC0-301F-11D3-BF4B-00C04F79EFBC}") = "Organization.Product.Shared", "Organization.Product.Shared\Organization.Product.Shared.csproj", "{8C4BA1E7-F4B1-4013-A039-90F9F01AF0B6}"
EndProject
Global
	GlobalSection(SolutionConfigurationPlatforms) = preSolution
		Debug|Any CPU = Debug|Any CPU
		Release|Any CPU = Release|Any CPU
	EndGlobalSection
	GlobalSection(ProjectConfigurationPlatforms) = postSolution
		{0A8BC22A-4693-473C-94BA-DFC8C56D2A31}.Debug|Any CPU.ActiveCfg = Debug|Any CPU
		{0A8BC22A-4693-473C-94BA-DFC8C56D2A31}.Debug|Any CPU.Build.0 = Debug|Any CPU
		{0A8BC22A-4693-473C-94BA-DFC8C56D2A31}.Release|Any CPU.ActiveCfg = Release|Any CPU
		{0A8BC22A-4693-473C-94BA-DFC8C56D2A31}.Release|Any CPU.Build.0 = Release|Any CPU
		{1828E545-12E8-4E7D-ABC4-4B778E14C9DE}.Debug|Any CPU.ActiveCfg = Debug|Any CPU
		{1828E545-12E8-4E7D-ABC4-4B778E14C9DE}.Debug|Any CPU.Build.0 = Debug|Any CPU
		{1828E545-12E8-4E7D-ABC4-4B778E14C9DE}.Release|Any CPU.ActiveCfg = Release|Any CPU
		{1828E545-12E8-4E7D-ABC4-4B778E14C9DE}.Release|Any CPU.Build.0 = Release|Any CPU
		{1DB13C82-14E8-49F5-93FD-6FEDA06F8A86}.Debug|Any CPU.ActiveCfg = Debug|Any CPU
		{1DB13C82-14E8-49F5-93FD-6FEDA06F8A86}.Debug|Any CPU.Build.0 = Debug|Any CPU
		{1DB13C82-14E8-49F5-93FD-6FEDA06F8A86}.Release|Any CPU.ActiveCfg = Release|Any CPU
		{1DB13C82-14E8-49F5-93FD-6FEDA06F8A86}.Release|Any CPU.Build.0 = Release|Any CPU
		{2CB12E2F-196D-4D59-999E-87154F164003}.Debug|Any CPU.ActiveCfg = Debug|Any CPU
		{2CB12E2F-196D-4D59-999E-87154F164003}.Debug|Any CPU.Build.0 = Debug|Any CPU
		{2CB12E2F-196D-4D59-999E-87154F164003}.Release|Any CPU.ActiveCfg = Release|Any CPU
		{2CB12E2F-196D-4D59-999E-87154F164003}.Release|Any CPU.Build.0 = Release|Any CPU
		{8C4BA1E7-F4B1-4013-A039-90F9F01AF0B6}.Debug|Any CPU.ActiveCfg = Debug|Any CPU
		{8C4BA1E7-F4B1-4013-A039-90F9F01AF0B6}.Debug|Any CPU.Build.0 = Debug|Any CPU
		{8C4BA1E7-F4B1-4013-A039-90F9F01AF0B6}.Release|Any CPU.ActiveCfg = Release|Any CPU
		{8C4BA1E7-F4B1-4013-A039-90F9F01AF0B6}.Release|Any CPU.Build.0 = Release|Any CPU
	EndGlobalSection
	GlobalSection(SolutionProperties) = preSolution
		HideSolutionNode = FALSE
	EndGlobalSection
	GlobalSection(ExtensibilityGlobals) = postSolution
		SolutionGuid = {A081981B-62FA-4464-B036-97459739D955}
	EndGlobalSection
EndGlobal
